{
  "name": "anystate",
  "version": "0.0.1-b",
  "lockfileVersion": 1,
  "requires": true,
  "dependencies": {
    "seamless-immutable": {
      "version": "7.1.4",
      "resolved": "https://registry.npmjs.org/seamless-immutable/-/seamless-immutable-7.1.4.tgz",
      "integrity": "sha512-XiUO1QP4ki4E2PHegiGAlu6r82o5A+6tRh7IkGGTVg/h+UoeX4nFBeCGPOhb4CYjvkqsfm/TUtvOMYC1xmV30A=="
    }
  }
}
